// !$*UTF8*$!
{
	archiveVersion = 1;
	classes = {
	};
	objectVersion = 50;
	objects = {

/* Begin PBXBuildFile section */
		C11058C0222F25620048A2C0 /* AppDelegate.swift in Sources */ = {isa = PBXBuildFile; fileRef = C11058BF222F25620048A2C0 /* AppDelegate.swift */; };
		C11058C2222F25620048A2C0 /* ViewController.swift in Sources */ = {isa = PBXBuildFile; fileRef = C11058C1222F25620048A2C0 /* ViewController.swift */; };
		C11058C5222F25620048A2C0 /* Main.storyboard in Resources */ = {isa = PBXBuildFile; fileRef = C11058C3222F25620048A2C0 /* Main.storyboard */; };
		C11058C7222F256E0048A2C0 /* Assets.xcassets in Resources */ = {isa = PBXBuildFile; fileRef = C11058C6222F256E0048A2C0 /* Assets.xcassets */; };
		C11058CA222F256E0048A2C0 /* LaunchScreen.storyboard in Resources */ = {isa = PBXBuildFile; fileRef = C11058C8222F256E0048A2C0 /* LaunchScreen.storyboard */; };
		C11058D2222F25C00048A2C0 /* Header.xib in Resources */ = {isa = PBXBuildFile; fileRef = C11058D1222F25C00048A2C0 /* Header.xib */; };
		C11058D4222F41930048A2C0 /* ProfileController.swift in Sources */ = {isa = PBXBuildFile; fileRef = C11058D3222F41920048A2C0 /* ProfileController.swift */; };
		C11058D6222F511D0048A2C0 /* ProfileImageView.swift in Sources */ = {isa = PBXBuildFile; fileRef = C11058D5222F511D0048A2C0 /* ProfileImageView.swift */; };
/* End PBXBuildFile section */

/* Begin PBXFileReference section */
		C11058BC222F25620048A2C0 /* ProfileImage.app */ = {isa = PBXFileReference; explicitFileType = wrapper.application; includeInIndex = 0; path = ProfileImage.app; sourceTree = BUILT_PRODUCTS_DIR; };
		C11058BF222F25620048A2C0 /* AppDelegate.swift */ = {isa = PBXFileReference; lastKnownFileType = sourcecode.swift; path = AppDelegate.swift; sourceTree = "<group>"; };
		C11058C1222F25620048A2C0 /* ViewController.swift */ = {isa = PBXFileReference; lastKnownFileType = sourcecode.swift; path = ViewController.swift; sourceTree = "<group>"; };
		C11058C4222F25620048A2C0 /* Base */ = {isa = PBXFileReference; lastKnownFileType = file.storyboard; name = Base; path = Base.lproj/Main.storyboard; sourceTree = "<group>"; };
		C11058C6222F256E0048A2C0 /* Assets.xcassets */ = {isa = PBXFileReference; lastKnownFileType = folder.assetcatalog; path = Assets.xcassets; sourceTree = "<group>"; };
		C11058C9222F256E0048A2C0 /* Base */ = {isa = PBXFileReference; lastKnownFileType = file.storyboard; name = Base; path = Base.lproj/LaunchScreen.storyboard; sourceTree = "<group>"; };
		C11058CB222F256E0048A2C0 /* Info.plist */ = {isa = PBXFileReference; lastKnownFileType = text.plist.xml; path = Info.plist; sourceTree = "<group>"; };
		C11058D1222F25C00048A2C0 /* Header.xib */ = {isa = PBXFileReference; lastKnownFileType = file.xib; path = Header.xib; sourceTree = "<group>"; };
		C11058D3222F41920048A2C0 /* ProfileController.swift */ = {isa = PBXFileReference; lastKnownFileType = sourcecode.swift; path = ProfileController.swift; sourceTree = "<group>"; };
		C11058D5222F511D0048A2C0 /* ProfileImageView.swift */ = {isa = PBXFileReference; lastKnownFileType = sourcecode.swift; path = ProfileImageView.swift; sourceTree = "<group>"; };
/* End PBXFileReference section */

/* Begin PBXFrameworksBuildPhase section */
		C11058B9222F25620048A2C0 /* Frameworks */ = {
			isa = PBXFrameworksBuildPhase;
			buildActionMask = 2147483647;
			files = (
			);
			runOnlyForDeploymentPostprocessing = 0;
		};
/* End PBXFrameworksBuildPhase section */

/* Begin PBXGroup section */
		C11058B3222F25610048A2C0 = {
			isa = PBXGroup;
			children = (
				C11058D1222F25C00048A2C0 /* Header.xib */,
				C11058BE222F25620048A2C0 /* ProfileImage */,
				C11058BD222F25620048A2C0 /* Products */,
			);
			sourceTree = "<group>";
		};
		C11058BD222F25620048A2C0 /* Products */ = {
			isa = PBXGroup;
			children = (
				C11058BC222F25620048A2C0 /* ProfileImage.app */,
			);
			name = Products;
			sourceTree = "<group>";
		};
		C11058BE222F25620048A2C0 /* ProfileImage */ = {
			isa = PBXGroup;
			children = (
				C11058BF222F25620048A2C0 /* AppDelegate.swift */,
				C11058C1222F25620048A2C0 /* ViewController.swift */,
				C11058C3222F25620048A2C0 /* Main.storyboard */,
				C11058C6222F256E0048A2C0 /* Assets.xcassets */,
				C11058C8222F256E0048A2C0 /* LaunchScreen.storyboard */,
				C11058CB222F256E0048A2C0 /* Info.plist */,
				C11058D3222F41920048A2C0 /* ProfileController.swift */,
				C11058D5222F511D0048A2C0 /* ProfileImageView.swift */,
			);
			path = ProfileImage;
			sourceTree = "<group>";
		};
/* End PBXGroup section */

/* Begin PBXNativeTarget section */
		C11058BB222F25620048A2C0 /* ProfileImage */ = {
			isa = PBXNativeTarget;
			buildConfigurationList = C11058CE222F256E0048A2C0 /* Build configuration list for PBXNativeTarget "ProfileImage" */;
			buildPhases = (
				C11058B8222F25620048A2C0 /* Sources */,
				C11058B9222F25620048A2C0 /* Frameworks */,
				C11058BA222F25620048A2C0 /* Resources */,
			);
			buildRules = (
			);
			dependencies = (
			);
			name = ProfileImage;
			productName = ProfileImage;
			productReference = C11058BC222F25620048A2C0 /* ProfileImage.app */;
			productType = "com.apple.product-type.application";
		};
/* End PBXNativeTarget section */

/* Begin PBXProject section */
		C11058B4222F25610048A2C0 /* Project object */ = {
			isa = PBXProject;
			attributes = {
				LastSwiftUpdateCheck = 1010;
				LastUpgradeCheck = 1010;
				ORGANIZATIONNAME = "Masahiro Toyooka";
				TargetAttributes = {
					C11058BB222F25620048A2C0 = {
						CreatedOnToolsVersion = 10.1;
					};
				};
			};
			buildConfigurationList = C11058B7222F25610048A2C0 /* Build configuration list for PBXProject "ProfileImage" */;
			compatibilityVersion = "Xcode 9.3";
			developmentRegion = en;
			hasScannedForEncodings = 0;
			knownRegions = (
				en,
				Base,
			);
			mainGroup = C11058B3222F25610048A2C0;
			productRefGroup = C11058BD222F25620048A2C0 /* Products */;
			projectDirPath = "";
			projectRoot = "";
			targets = (
				C11058BB222F25620048A2C0 /* ProfileImage */,
			);
		};
/* End PBXProject section */

/* Begin PBXResourcesBuildPhase section */
		C11058BA222F25620048A2C0 /* Resources */ = {
			isa = PBXResourcesBuildPhase;
			buildActionMask = 2147483647;
			files = (
				C11058D2222F25C00048A2C0 /* Header.xib in Resources */,
				C11058CA222F256E0048A2C0 /* LaunchScreen.storyboard in Resources */,
				C11058C7222F256E0048A2C0 /* Assets.xcassets in Resources */,
				C11058C5222F25620048A2C0 /* Main.storyboard in Resources */,
			);
			runOnlyForDeploymentPostprocessing = 0;
		};
/* End PBXResourcesBuildPhase section */

/* Begin PBXSourcesBuildPhase section */
		C11058B8222F25620048A2C0 /* Sources */ = {
			isa = PBXSourcesBuildPhase;
			buildActionMask = 2147483647;
			files = (
				C11058D6222F511D0048A2C0 /* ProfileImageView.swift in Sources */,
				C11058C2222F25620048A2C0 /* ViewController.swift in Sources */,
				C11058C0222F25620048A2C0 /* AppDelegate.swift in Sources */,
				C11058D4222F41930048A2C0 /* ProfileController.swift in Sources */,
			);
			runOnlyForDeploymentPostprocessing = 0;
		};
/* End PBXSourcesBuildPhase section */

/* Begin PBXVariantGroup section */
		C11058C3222F25620048A2C0 /* Main.storyboard */ = {
			isa = PBXVariantGroup;
			children = (
				C11058C4222F25620048A2C0 /* Base */,
			);
			name = Main.storyboard;
			sourceTree = "<group>";
		};
		C11058C8222F256E0048A2C0 /* LaunchScreen.storyboard */ = {
			isa = PBXVariantGroup;
			children = (
				C11058C9222F256E0048A2C0 /* Base */,
			);
			name = LaunchScreen.storyboard;
			sourceTree = "<group>";
		};
/* End PBXVariantGroup section */

/* Begin XCBuildConfiguration section */
		C11058CC222F256E0048A2C0 /* Debug */ = {
			isa = XCBuildConfiguration;
			buildSettings = {
				ALWAYS_SEARCH_USER_PATHS = NO;
				CLANG_ANALYZER_NONNULL = YES;
				CLANG_ANALYZER_NUMBER_OBJECT_CONVERSION = YES_AGGRESSIVE;
				CLANG_CXX_LANGUAGE_STANDARD = "gnu++14";
				CLANG_CXX_LIBRARY = "libc++";
				CLANG_ENABLE_MODULES = YES;
				CLANG_ENABLE_OBJC_ARC = YES;
				CLANG_ENABLE_OBJC_WEAK = YES;
				CLANG_WARN_BLOCK_CAPTURE_AUTORELEASING = YES;
				CLANG_WARN_BOOL_CONVERSION = YES;
				CLANG_WARN_COMMA = YES;
				CLANG_WARN_CONSTANT_CONVERSION = YES;
				CLANG_WARN_DEPRECATED_OBJC_IMPLEMENTATIONS = YES;
				CLANG_WARN_DIRECT_OBJC_ISA_USAGE = YES_ERROR;
				CLANG_WARN_DOCUMENTATION_COMMENTS = YES;
				CLANG_WARN_EMPTY_BODY = YES;
				CLANG_WARN_ENUM_CONVERSION = YES;
				CLANG_WARN_INFINITE_RECURSION = YES;
				CLANG_WARN_INT_CONVERSION = YES;
				CLANG_WARN_NON_LITERAL_NULL_CONVERSION = YES;
				CLANG_WARN_OBJC_IMPLICIT_RETAIN_SELF = YES;
				CLANG_WARN_OBJC_LITERAL_CONVERSION = YES;
				CLANG_WARN_OBJC_ROOT_CLASS = YES_ERROR;
				CLANG_WARN_RANGE_LOOP_ANALYSIS = YES;
				CLANG_WARN_STRICT_PROTOTYPES = YES;
				CLANG_WARN_SUSPICIOUS_MOVE = YES;
				CLANG_WARN_UNGUARDED_AVAILABILITY = YES_AGGRESSIVE;
				CLANG_WARN_UNREACHABLE_CODE = YES;
				CLANG_WARN__DUPLICATE_METHOD_MATCH = YES;
				CODE_SIGN_IDENTITY = "iPhone Developer";
				COPY_PHASE_STRIP = NO;
				DEBUG_INFORMATION_FORMAT = dwarf;
				ENABLE_STRICT_OBJC_MSGSEND = YES;
				ENABLE_TESTABILITY = YES;
				GCC_C_LANGUAGE_STANDARD = gnu11;
				GCC_DYNAMIC_NO_PIC = NO;
				GCC_NO_COMMON_BLOCKS = YES;
				GCC_OPTIMIZATION_LEVEL = 0;
				GCC_PREPROCESSOR_DEFINITIONS = (
					"DEBUG=1",
					"$(inherited)",
				);
				GCC_WARN_64_TO_32_BIT_CONVERSION = YES;
				GCC_WARN_ABOUT_RETURN_TYPE = YES_ERROR;
				GCC_WARN_UNDECLARED_SELECTOR = YES;
				GCC_WARN_UNINITIALIZED_AUTOS = YES_AGGRESSIVE;
				GCC_WARN_UNUSED_FUNCTION = YES;
				GCC_WARN_UNUSED_VARIABLE = YES;
				IPHONEOS_DEPLOYMENT_TARGET = 12.1;
				MTL_ENABLE_DEBUG_INFO = INCLUDE_SOURCE;
				MTL_FAST_MATH = YES;
				ONLY_ACTIVE_ARCH = YES;
				SDKROOT = iphoneos;
				SWIFT_ACTIVE_COMPILATION_CONDITIONS = DEBUG;
				SWIFT_OPTIMIZATION_LEVEL = "-Onone";
			};
			name = Debug;
		};
		C11058CD222F256E0048A2C0 /* Release */ = {
			isa = XCBuildConfiguration;
			buildSettings = {
				ALWAYS_SEARCH_USER_PATHS = NO;
				CLANG_ANALYZER_NONNULL = YES;
				CLANG_ANALYZER_NUMBER_OBJECT_CONVERSION = YES_AGGRESSIVE;
				CLANG_CXX_LANGUAGE_STANDARD = "gnu++14";
				CLANG_CXX_LIBRARY = "libc++";
				CLANG_ENABLE_MODULES = YES;
				CLANG_ENABLE_OBJC_ARC = YES;
				CLANG_ENABLE_OBJC_WEAK = YES;
				CLANG_WARN_BLOCK_CAPTURE_AUTORELEASING = YES;
				CLANG_WARN_BOOL_CONVERSION = YES;
				CLANG_WARN_COMMA = YES;
				CLANG_WARN_CONSTANT_CONVERSION = YES;
				CLANG_WARN_DEPRECATED_OBJC_IMPLEMENTATIONS = YES;
				CLANG_WARN_DIRECT_OBJC_ISA_USAGE = YES_ERROR;
				CLANG_WARN_DOCUMENTATION_COMMENTS = YES;
				CLANG_WARN_EMPTY_BODY = YES;
				CLANG_WARN_ENUM_CONVERSION = YES;
				CLANG_WARN_INFINITE_RECURSION = YES;
				CLANG_WARN_INT_CONVERSION = YES;
				CLANG_WARN_NON_LITERAL_NULL_CONVERSION = YES;
				CLANG_WARN_OBJC_IMPLICIT_RETAIN_SELF = YES;
				CLANG_WARN_OBJC_LITERAL_CONVERSION = YES;
				CLANG_WARN_OBJC_ROOT_CLASS = YES_ERROR;
				CLANG_WARN_RANGE_LOOP_ANALYSIS = YES;
				CLANG_WARN_STRICT_PROTOTYPES = YES;
				CLANG_WARN_SUSPICIOUS_MOVE = YES;
				CLANG_WARN_UNGUARDED_AVAILABILITY = YES_AGGRESSIVE;
				CLANG_WARN_UNREACHABLE_CODE = YES;
				CLANG_WARN__DUPLICATE_METHOD_MATCH = YES;
				CODE_SIGN_IDENTITY = "iPhone Developer";
				COPY_PHASE_STRIP = NO;
				DEBUG_INFORMATION_FORMAT = "dwarf-with-dsym";
				ENABLE_NS_ASSERTIONS = NO;
				ENABLE_STRICT_OBJC_MSGSEND = YES;
				GCC_C_LANGUAGE_STANDARD = gnu11;
				GCC_NO_COMMON_BLOCKS = YES;
				GCC_WARN_64_TO_32_BIT_CONVERSION = YES;
				GCC_WARN_ABOUT_RETURN_TYPE = YES_ERROR;
				GCC_WARN_UNDECLARED_SELECTOR = YES;
				GCC_WARN_UNINITIALIZED_AUTOS = YES_AGGRESSIVE;
				GCC_WARN_UNUSED_FUNCTION = YES;
				GCC_WARN_UNUSED_VARIABLE = YES;
				IPHONEOS_DEPLOYMENT_TARGET = 12.1;
				MTL_ENABLE_DEBUG_INFO = NO;
				MTL_FAST_MATH = YES;
				SDKROOT = iphoneos;
				SWIFT_COMPILATION_MODE = wholemodule;
				SWIFT_OPTIMIZATION_LEVEL = "-O";
				VALIDATE_PRODUCT = YES;
			};
			name = Release;
		};
		C11058CF222F256E0048A2C0 /* Debug */ = {
			isa = XCBuildConfiguration;
			buildSettings = {
				ASSETCATALOG_COMPILER_APPICON_NAME = AppIcon;
				CODE_SIGN_STYLE = Automatic;
				INFOPLIST_FILE = ProfileImage/Info.plist;
				LD_RUNPATH_SEARCH_PATHS = (
					"$(inherited)",
					"@executable_path/Frameworks",
				);
				PRODUCT_BUNDLE_IDENTIFIER = com.litech.ProfileImage;
				PRODUCT_NAME = "$(TARGET_NAME)";
				SWIFT_VERSION = 4.2;
				TARGETED_DEVICE_FAMILY = "1,2";
			};
			name = Debug;
		};
		C11058D0222F256E0048A2C0 /* Release */ = {
			isa = XCBuildConfiguration;
			buildSettings = {
				ASSETCATALOG_COMPILER_APPICON_NAME = AppIcon;
				CODE_SIGN_STYLE = Automatic;
				INFOPLIST_FILE = ProfileImage/Info.plist;
				LD_RUNPATH_SEARCH_PATHS = (
					"$(inherited)",
					"@executable_path/Frameworks",
				);
				PRODUCT_BUNDLE_IDENTIFIER = com.litech.ProfileImage;
				PRODUCT_NAME = "$(TARGET_NAME)";
				SWIFT_VERSION = 4.2;
				TARGETED_DEVICE_FAMILY = "1,2";
			};
			name = Release;
		};
/* End XCBuildConfiguration section */

/* Begin XCConfigurationList section */
		C11058B7222F25610048A2C0 /* Build configuration list for PBXProject "ProfileImage" */ = {
			isa = XCConfigurationList;
			buildConfigurations = (
				C11058CC222F256E0048A2C0 /* Debug */,
				C11058CD222F256E0048A2C0 /* Release */,
			);
			defaultConfigurationIsVisible = 0;
			defaultConfigurationName = Release;
		};
		C11058CE222F256E0048A2C0 /* Build configuration list for PBXNativeTarget "ProfileImage" */ = {
			isa = XCConfigurationList;
			buildConfigurations = (
				C11058CF222F256E0048A2C0 /* Debug */,
				C11058D0222F256E0048A2C0 /* Release */,
			);
			defaultConfigurationIsVisible = 0;
			defaultConfigurationName = Release;
		};
/* End XCConfigurationList section */
	};
	rootObject = C11058B4222F25610048A2C0 /* Project object */;
}
